
Microsoft Visual Studio Solution File, Format Version 12.00
# Visual Studio Version 17
VisualStudioVersion = 17.3.32825.248
MinimumVisualStudioVersion = 10.0.40219.1
Project("{FAE04EC0-301F-11D3-BF4B-00C04F79EFBC}") = "CGEscalonaChaFactorial", "CGEscalonaChaFactorial\CGEscalonaChaFactorial.csproj", "{12910D35-7E20-4C18-A174-22E2A1AD3FEF}"
EndProject
Global
	GlobalSection(SolutionConfigurationPlatforms) = preSolution
		Debug|Any CPU = Debug|Any CPU
		Release|Any CPU = Release|Any CPU
	EndGlobalSection
	GlobalSection(ProjectConfigurationPlatforms) = postSolution
		{12910D35-7E20-4C18-A174-22E2A1AD3FEF}.Debug|Any CPU.ActiveCfg = Debug|Any CPU
		{12910D35-7E20-4C18-A174-22E2A1AD3FEF}.Debug|Any CPU.Build.0 = Debug|Any CPU
		{12910D35-7E20-4C18-A174-22E2A1AD3FEF}.Release|Any CPU.ActiveCfg = Release|Any CPU
		{12910D35-7E20-4C18-A174-22E2A1AD3FEF}.Release|Any CPU.Build.0 = Release|Any CPU
	EndGlobalSection
	GlobalSection(SolutionProperties) = preSolution
		HideSolutionNode = FALSE
	EndGlobalSection
	GlobalSection(ExtensibilityGlobals) = postSolution
		SolutionGuid = {A7CD42F5-6423-45D0-9603-F7D72E9FBC8A}
	EndGlobalSection
EndGlobal
